version = 1
revision = 3
requires-python = ">=3.13"

[[package]]
name = "greenlet"
version = "3.2.4"
source = { registry = "https://pypi.org/simple" }
sdist = { url = "https://files.pythonhosted.org/packages/03/b8/704d753a5a45507a7aab61f18db9509302ed3d0a27ac7e0359ec2905b1a6/greenlet-3.2.4.tar.gz", hash = "sha256:0dca0d95ff849f9a364385f36ab49f50065d76964944638be9691e1832e9f86d", size = 188260, upload-time = "2025-08-07T13:24:33.51Z" }
wheels = [
    { url = "https://files.pythonhosted.org/packages/49/e8/58c7f85958bda41dafea50497cbd59738c5c43dbbea5ee83d651234398f4/greenlet-3.2.4-cp313-cp313-macosx_11_0_universal2.whl", hash = "sha256:1a921e542453fe531144e91e1feedf12e07351b1cf6c9e8a3325ea600a715a31", size = 272814, upload-time = "2025-08-07T13:15:50.011Z" },
    { url = "https://files.pythonhosted.org/packages/62/dd/b9f59862e9e257a16e4e610480cfffd29e3fae018a68c2332090b53aac3d/greenlet-3.2.4-cp313-cp313-manylinux2014_aarch64.manylinux_2_17_aarch64.whl", hash = "sha256:cd3c8e693bff0fff6ba55f140bf390fa92c994083f838fece0f63be121334945", size = 641073, upload-time = "2025-08-07T13:42:57.23Z" },
    { url = "https://files.pythonhosted.org/packages/f7/0b/bc13f787394920b23073ca3b6c4a7a21396301ed75a655bcb47196b50e6e/greenlet-3.2.4-cp313-cp313-manylinux2014_ppc64le.manylinux_2_17_ppc64le.whl", hash = "sha256:710638eb93b1fa52823aa91bf75326f9ecdfd5e0466f00789246a5280f4ba0fc", size = 655191, upload-time = "2025-08-07T13:45:29.752Z" },
    { url = "https://files.pythonhosted.org/packages/f2/d6/6adde57d1345a8d0f14d31e4ab9c23cfe8e2cd39c3baf7674b4b0338d266/greenlet-3.2.4-cp313-cp313-manylinux2014_s390x.manylinux_2_17_s390x.whl", hash = "sha256:c5111ccdc9c88f423426df3fd1811bfc40ed66264d35aa373420a34377efc98a", size = 649516, upload-time = "2025-08-07T13:53:16.314Z" },
    { url = "https://files.pythonhosted.org/packages/7f/3b/3a3328a788d4a473889a2d403199932be55b1b0060f4ddd96ee7cdfcad10/greenlet-3.2.4-cp313-cp313-manylinux2014_x86_64.manylinux_2_17_x86_64.whl", hash = "sha256:d76383238584e9711e20ebe14db6c88ddcedc1829a9ad31a584389463b5aa504", size = 652169, upload-time = "2025-08-07T13:18:32.861Z" },
    { url = "https://files.pythonhosted.org/packages/ee/43/3cecdc0349359e1a527cbf2e3e28e5f8f06d3343aaf82ca13437a9aa290f/greenlet-3.2.4-cp313-cp313-manylinux_2_24_x86_64.manylinux_2_28_x86_64.whl", hash = "sha256:23768528f2911bcd7e475210822ffb5254ed10d71f4028387e5a99b4c6699671", size = 610497, upload-time = "2025-08-07T13:18:31.636Z" },
    { url = "https://files.pythonhosted.org/packages/b8/19/06b6cf5d604e2c382a6f31cafafd6f33d5dea706f4db7bdab184bad2b21d/greenlet-3.2.4-cp313-cp313-musllinux_1_1_aarch64.whl", hash = "sha256:00fadb3fedccc447f517ee0d3fd8fe49eae949e1cd0f6a611818f4f6fb7dc83b", size = 1121662, upload-time = "2025-08-07T13:42:41.117Z" },
    { url = "https://files.pythonhosted.org/packages/a2/15/0d5e4e1a66fab130d98168fe984c509249c833c1a3c16806b90f253ce7b9/greenlet-3.2.4-cp313-cp313-musllinux_1_1_x86_64.whl", hash = "sha256:d25c5091190f2dc0eaa3f950252122edbbadbb682aa7b1ef2f8af0f8c0afefae", size = 1149210, upload-time = "2025-08-07T13:18:24.072Z" },
    { url = "https://files.pythonhosted.org/packages/0b/55/2321e43595e6801e105fcfdee02b34c0f996eb71e6ddffca6b10b7e1d771/greenlet-3.2.4-cp313-cp313-win_amd64.whl", hash = "sha256:554b03b6e73aaabec3745364d6239e9e012d64c68ccd0b8430c64ccc14939a8b", size = 299685, upload-time = "2025-08-07T13:24:38.824Z" },
    { url = "https://files.pythonhosted.org/packages/22/5c/85273fd7cc388285632b0498dbbab97596e04b154933dfe0f3e68156c68c/greenlet-3.2.4-cp314-cp314-macosx_11_0_universal2.whl", hash = "sha256:49a30d5fda2507ae77be16479bdb62a660fa51b1eb4928b524975b3bde77b3c0", size = 273586, upload-time = "2025-08-07T13:16:08.004Z" },
    { url = "https://files.pythonhosted.org/packages/d1/75/10aeeaa3da9332c2e761e4c50d4c3556c21113ee3f0afa2cf5769946f7a3/greenlet-3.2.4-cp314-cp314-manylinux2014_aarch64.manylinux_2_17_aarch64.whl", hash = "sha256:299fd615cd8fc86267b47597123e3f43ad79c9d8a22bebdce535e53550763e2f", size = 686346, upload-time = "2025-08-07T13:42:59.944Z" },
    { url = "https://files.pythonhosted.org/packages/c0/aa/687d6b12ffb505a4447567d1f3abea23bd20e73a5bed63871178e0831b7a/greenlet-3.2.4-cp314-cp314-manylinux2014_ppc64le.manylinux_2_17_ppc64le.whl", hash = "sha256:c17b6b34111ea72fc5a4e4beec9711d2226285f0386ea83477cbb97c30a3f3a5", size = 699218, upload-time = "2025-08-07T13:45:30.969Z" },
    { url = "https://files.pythonhosted.org/packages/dc/8b/29aae55436521f1d6f8ff4e12fb676f3400de7fcf27fccd1d4d17fd8fecd/greenlet-3.2.4-cp314-cp314-manylinux2014_s390x.manylinux_2_17_s390x.whl", hash = "sha256:b4a1870c51720687af7fa3e7cda6d08d801dae660f75a76f3845b642b4da6ee1", size = 694659, upload-time = "2025-08-07T13:53:17.759Z" },
    { url = "https://files.pythonhosted.org/packages/92/2e/ea25914b1ebfde93b6fc4ff46d6864564fba59024e928bdc7de475affc25/greenlet-3.2.4-cp314-cp314-manylinux2014_x86_64.manylinux_2_17_x86_64.whl", hash = "sha256:061dc4cf2c34852b052a8620d40f36324554bc192be474b9e9770e8c042fd735", size = 695355, upload-time = "2025-08-07T13:18:34.517Z" },
    { url = "https://files.pythonhosted.org/packages/72/60/fc56c62046ec17f6b0d3060564562c64c862948c9d4bc8aa807cf5bd74f4/greenlet-3.2.4-cp314-cp314-manylinux_2_24_x86_64.manylinux_2_28_x86_64.whl", hash = "sha256:44358b9bf66c8576a9f57a590d5f5d6e72fa4228b763d0e43fee6d3b06d3a337", size = 657512, upload-time = "2025-08-07T13:18:33.969Z" },
    { url = "https://files.pythonhosted.org/packages/e3/a5/6ddab2b4c112be95601c13428db1d8b6608a8b6039816f2ba09c346c08fc/greenlet-3.2.4-cp314-cp314-win_amd64.whl", hash = "sha256:e37ab26028f12dbb0ff65f29a8d3d44a765c61e729647bf2ddfbbed621726f01", size = 303425, upload-time = "2025-08-07T13:32:27.59Z" },
]

[[package]]
name = "grpcio"
version = "1.75.1"
source = { registry = "https://pypi.org/simple" }
dependencies = [
    { name = "typing-extensions" },
]
sdist = { url = "https://files.pythonhosted.org/packages/9d/f7/8963848164c7604efb3a3e6ee457fdb3a469653e19002bd24742473254f8/grpcio-1.75.1.tar.gz", hash = "sha256:3e81d89ece99b9ace23a6916880baca613c03a799925afb2857887efa8b1b3d2", size = 12731327, upload-time = "2025-09-26T09:03:36.887Z" }
wheels = [
    { url = "https://files.pythonhosted.org/packages/46/74/bac4ab9f7722164afdf263ae31ba97b8174c667153510322a5eba4194c32/grpcio-1.75.1-cp313-cp313-linux_armv7l.whl", hash = "sha256:3bed22e750d91d53d9e31e0af35a7b0b51367e974e14a4ff229db5b207647884", size = 5672779, upload-time = "2025-09-26T09:02:19.11Z" },
    { url = "https://files.pythonhosted.org/packages/a6/52/d0483cfa667cddaa294e3ab88fd2c2a6e9dc1a1928c0e5911e2e54bd5b50/grpcio-1.75.1-cp313-cp313-macosx_11_0_universal2.whl", hash = "sha256:5b8f381eadcd6ecaa143a21e9e80a26424c76a0a9b3d546febe6648f3a36a5ac", size = 11470623, upload-time = "2025-09-26T09:02:22.117Z" },
    { url = "https://files.pythonhosted.org/packages/cf/e4/d1954dce2972e32384db6a30273275e8c8ea5a44b80347f9055589333b3f/grpcio-1.75.1-cp313-cp313-manylinux2014_aarch64.manylinux_2_17_aarch64.whl", hash = "sha256:5bf4001d3293e3414d0cf99ff9b1139106e57c3a66dfff0c5f60b2a6286ec133", size = 6248838, upload-time = "2025-09-26T09:02:26.426Z" },
    { url = "https://files.pythonhosted.org/packages/06/43/073363bf63826ba8077c335d797a8d026f129dc0912b69c42feaf8f0cd26/grpcio-1.75.1-cp313-cp313-manylinux2014_i686.manylinux_2_17_i686.whl", hash = "sha256:9f82ff474103e26351dacfe8d50214e7c9322960d8d07ba7fa1d05ff981c8b2d", size = 6922663, upload-time = "2025-09-26T09:02:28.724Z" },
    { url = "https://files.pythonhosted.org/packages/c2/6f/076ac0df6c359117676cacfa8a377e2abcecec6a6599a15a672d331f6680/grpcio-1.75.1-cp313-cp313-manylinux2014_x86_64.manylinux_2_17_x86_64.whl", hash = "sha256:0ee119f4f88d9f75414217823d21d75bfe0e6ed40135b0cbbfc6376bc9f7757d", size = 6436149, upload-time = "2025-09-26T09:02:30.971Z" },
    { url = "https://files.pythonhosted.org/packages/6b/27/1d08824f1d573fcb1fa35ede40d6020e68a04391709939e1c6f4193b445f/grpcio-1.75.1-cp313-cp313-musllinux_1_2_aarch64.whl", hash = "sha256:664eecc3abe6d916fa6cf8dd6b778e62fb264a70f3430a3180995bf2da935446", size = 7067989, upload-time = "2025-09-26T09:02:33.233Z" },
    { url = "https://files.pythonhosted.org/packages/c6/98/98594cf97b8713feb06a8cb04eeef60b4757e3e2fb91aa0d9161da769843/grpcio-1.75.1-cp313-cp313-musllinux_1_2_i686.whl", hash = "sha256:c32193fa08b2fbebf08fe08e84f8a0aad32d87c3ad42999c65e9449871b1c66e", size = 8010717, upload-time = "2025-09-26T09:02:36.011Z" },
    { url = "https://files.pythonhosted.org/packages/8c/7e/bb80b1bba03c12158f9254762cdf5cced4a9bc2e8ed51ed335915a5a06ef/grpcio-1.75.1-cp313-cp313-musllinux_1_2_x86_64.whl", hash = "sha256:5cebe13088b9254f6e615bcf1da9131d46cfa4e88039454aca9cb65f639bd3bc", size = 7463822, upload-time = "2025-09-26T09:02:38.26Z" },
    { url = "https://files.pythonhosted.org/packages/23/1c/1ea57fdc06927eb5640f6750c697f596f26183573069189eeaf6ef86ba2d/grpcio-1.75.1-cp313-cp313-win32.whl", hash = "sha256:4b4c678e7ed50f8ae8b8dbad15a865ee73ce12668b6aaf411bf3258b5bc3f970", size = 3938490, upload-time = "2025-09-26T09:02:40.268Z" },
    { url = "https://files.pythonhosted.org/packages/4b/24/fbb8ff1ccadfbf78ad2401c41aceaf02b0d782c084530d8871ddd69a2d49/grpcio-1.75.1-cp313-cp313-win_amd64.whl", hash = "sha256:5573f51e3f296a1bcf71e7a690c092845fb223072120f4bdb7a5b48e111def66", size = 4642538, upload-time = "2025-09-26T09:02:42.519Z" },
    { url = "https://files.pythonhosted.org/packages/f2/1b/9a0a5cecd24302b9fdbcd55d15ed6267e5f3d5b898ff9ac8cbe17ee76129/grpcio-1.75.1-cp314-cp314-linux_armv7l.whl", hash = "sha256:c05da79068dd96723793bffc8d0e64c45f316248417515f28d22204d9dae51c7", size = 5673319, upload-time = "2025-09-26T09:02:44.742Z" },
    { url = "https://files.pythonhosted.org/packages/c6/ec/9d6959429a83fbf5df8549c591a8a52bb313976f6646b79852c4884e3225/grpcio-1.75.1-cp314-cp314-macosx_11_0_universal2.whl", hash = "sha256:06373a94fd16ec287116a825161dca179a0402d0c60674ceeec8c9fba344fe66", size = 11480347, upload-time = "2025-09-26T09:02:47.539Z" },
    { url = "https://files.pythonhosted.org/packages/09/7a/26da709e42c4565c3d7bf999a9569da96243ce34a8271a968dee810a7cf1/grpcio-1.75.1-cp314-cp314-manylinux2014_aarch64.manylinux_2_17_aarch64.whl", hash = "sha256:4484f4b7287bdaa7a5b3980f3c7224c3c622669405d20f69549f5fb956ad0421", size = 6254706, upload-time = "2025-09-26T09:02:50.4Z" },
    { url = "https://files.pythonhosted.org/packages/f1/08/dcb26a319d3725f199c97e671d904d84ee5680de57d74c566a991cfab632/grpcio-1.75.1-cp314-cp314-manylinux2014_i686.manylinux_2_17_i686.whl", hash = "sha256:2720c239c1180eee69f7883c1d4c83fc1a495a2535b5fa322887c70bf02b16e8", size = 6922501, upload-time = "2025-09-26T09:02:52.711Z" },
    { url = "https://files.pythonhosted.org/packages/78/66/044d412c98408a5e23cb348845979a2d17a2e2b6c3c34c1ec91b920f49d0/grpcio-1.75.1-cp314-cp314-manylinux2014_x86_64.manylinux_2_17_x86_64.whl", hash = "sha256:07a554fa31c668cf0e7a188678ceeca3cb8fead29bbe455352e712ec33ca701c", size = 6437492, upload-time = "2025-09-26T09:02:55.542Z" },
    { url = "https://files.pythonhosted.org/packages/4e/9d/5e3e362815152aa1afd8b26ea613effa005962f9da0eec6e0e4527e7a7d1/grpcio-1.75.1-cp314-cp314-musllinux_1_2_aarch64.whl", hash = "sha256:3e71a2105210366bfc398eef7f57a664df99194f3520edb88b9c3a7e46ee0d64", size = 7081061, upload-time = "2025-09-26T09:02:58.261Z" },
    { url = "https://files.pythonhosted.org/packages/1e/1a/46615682a19e100f46e31ddba9ebc297c5a5ab9ddb47b35443ffadb8776c/grpcio-1.75.1-cp314-cp314-musllinux_1_2_i686.whl", hash = "sha256:8679aa8a5b67976776d3c6b0521e99d1c34db8a312a12bcfd78a7085cb9b604e", size = 8010849, upload-time = "2025-09-26T09:03:00.548Z" },
    { url = "https://files.pythonhosted.org/packages/67/8e/3204b94ac30b0f675ab1c06540ab5578660dc8b690db71854d3116f20d00/grpcio-1.75.1-cp314-cp314-musllinux_1_2_x86_64.whl", hash = "sha256:aad1c774f4ebf0696a7f148a56d39a3432550612597331792528895258966dc0", size = 7464478, upload-time = "2025-09-26T09:03:03.096Z" },
    { url = "https://files.pythonhosted.org/packages/b7/97/2d90652b213863b2cf466d9c1260ca7e7b67a16780431b3eb1d0420e3d5b/grpcio-1.75.1-cp314-cp314-win32.whl", hash = "sha256:62ce42d9994446b307649cb2a23335fa8e927f7ab2cbf5fcb844d6acb4d85f9c", size = 4012672, upload-time = "2025-09-26T09:03:05.477Z" },
    { url = "https://files.pythonhosted.org/packages/f9/df/e2e6e9fc1c985cd1a59e6996a05647c720fe8a03b92f5ec2d60d366c531e/grpcio-1.75.1-cp314-cp314-win_amd64.whl", hash = "sha256:f86e92275710bea3000cb79feca1762dc0ad3b27830dd1a74e82ab321d4ee464", size = 4772475, upload-time = "2025-09-26T09:03:07.661Z" },
]

[[package]]
name = "grpcio-tools"
version = "1.75.1"
source = { registry = "https://pypi.org/simple" }
dependencies = [
    { name = "grpcio" },
    { name = "protobuf" },
    { name = "setuptools" },
]
sdist = { url = "https://files.pythonhosted.org/packages/7d/76/0cd2a2bb379275c319544a3ab613dc3cea7a167503908c1b4de55f82bd9e/grpcio_tools-1.75.1.tar.gz", hash = "sha256:bb78960cf3d58941e1fec70cbdaccf255918beed13c34112a6915a6d8facebd1", size = 5390470, upload-time = "2025-09-26T09:10:11.948Z" }
wheels = [
    { url = "https://files.pythonhosted.org/packages/47/fa/624bbe1b2ccf4f6044bf3cd314fe2c35f78f702fcc2191dc65519baddca4/grpcio_tools-1.75.1-cp313-cp313-linux_armv7l.whl", hash = "sha256:ca9e116aab0ecf4365fc2980f2e8ae1b22273c3847328b9a8e05cbd14345b397", size = 2545752, upload-time = "2025-09-26T09:08:51.433Z" },
    { url = "https://files.pythonhosted.org/packages/b9/4c/6d884e2337feff0a656e395338019adecc3aa1daeae9d7e8eb54340d4207/grpcio_tools-1.75.1-cp313-cp313-macosx_11_0_universal2.whl", hash = "sha256:9fe87a926b65eb7f41f8738b6d03677cc43185ff77a9d9b201bdb2f673f3fa1e", size = 5838163, upload-time = "2025-09-26T09:08:53.858Z" },
    { url = "https://files.pythonhosted.org/packages/d1/2a/2ba7b6911a754719643ed92ae816a7f989af2be2882b9a9e1f90f4b0e882/grpcio_tools-1.75.1-cp313-cp313-manylinux2014_aarch64.manylinux_2_17_aarch64.whl", hash = "sha256:45503a6094f91b3fd31c3d9adef26ac514f102086e2a37de797e220a6791ee87", size = 2592148, upload-time = "2025-09-26T09:08:55.86Z" },
    { url = "https://files.pythonhosted.org/packages/88/db/fa613a45c3c7b00f905bd5ad3a93c73194724d0a2dd72adae3be32983343/grpcio_tools-1.75.1-cp313-cp313-manylinux2014_i686.manylinux_2_17_i686.whl", hash = "sha256:b01b60b3de67be531a39fd869d7613fa8f178aff38c05e4d8bc2fc530fa58cb5", size = 2905215, upload-time = "2025-09-26T09:08:58.27Z" },
    { url = "https://files.pythonhosted.org/packages/d7/0c/ee4786972bb82f60e4f313bb2227c79c2cd20eb13c94c0263067923cfd12/grpcio_tools-1.75.1-cp313-cp313-manylinux2014_x86_64.manylinux_2_17_x86_64.whl", hash = "sha256:09e2b9b9488735514777d44c1e4eda813122d2c87aad219f98d5d49b359a8eab", size = 2656251, upload-time = "2025-09-26T09:09:00.249Z" },
    { url = "https://files.pythonhosted.org/packages/77/f1/cc5a50658d705d0b71ff8a4fbbfcc6279d3c95731a2ef7285e13dc40e2fe/grpcio_tools-1.75.1-cp313-cp313-musllinux_1_2_aarch64.whl", hash = "sha256:55e60300e62b220fabe6f062fe69f143abaeff3335f79b22b56d86254f3c3c80", size = 3108911, upload-time = "2025-09-26T09:09:02.515Z" },
    { url = "https://files.pythonhosted.org/packages/09/d8/43545f77c4918e778e90bc2c02b3462ac71cee14f29d85cdb69b089538eb/grpcio_tools-1.75.1-cp313-cp313-musllinux_1_2_i686.whl", hash = "sha256:49ce00fcc6facbbf52bf376e55b8e08810cecd03dab0b3a2986d73117c6f6ee4", size = 3657021, upload-time = "2025-09-26T09:09:05.331Z" },
    { url = "https://files.pythonhosted.org/packages/fc/0b/2ae5925374b66bc8df5b828eff1a5f9459349c83dae1773f0aa9858707e6/grpcio_tools-1.75.1-cp313-cp313-musllinux_1_2_x86_64.whl", hash = "sha256:71e95479aea868f8c8014d9dc4267f26ee75388a0d8a552e1648cfa0b53d24b4", size = 3324450, upload-time = "2025-09-26T09:09:07.867Z" },
    { url = "https://files.pythonhosted.org/packages/6e/53/9f887bacbecf892ac5b0b282477ca8cfa5b73911b04259f0d88b52e9a055/grpcio_tools-1.75.1-cp313-cp313-win32.whl", hash = "sha256:fff9d2297416eae8861e53154ccf70a19994e5935e6c8f58ebf431f81cbd8d12", size = 992434, upload-time = "2025-09-26T09:09:09.966Z" },
    { url = "https://files.pythonhosted.org/packages/a5/f0/9979d97002edffdc2a88e5f2e0dccea396dd4a6eab34fa2f705fe43eae2f/grpcio_tools-1.75.1-cp313-cp313-win_amd64.whl", hash = "sha256:1849ddd508143eb48791e81d42ddc924c554d1b4900e06775a927573a8d4267f", size = 1157069, upload-time = "2025-09-26T09:09:12.287Z" },
    { url = "https://files.pythonhosted.org/packages/a6/0b/4ff4ead293f2b016668628a240937828444094778c8037d2bbef700e9097/grpcio_tools-1.75.1-cp314-cp314-linux_armv7l.whl", hash = "sha256:f281b594489184b1f9a337cdfed1fc1ddb8428f41c4b4023de81527e90b38e1e", size = 2545868, upload-time = "2025-09-26T09:09:14.716Z" },
    { url = "https://files.pythonhosted.org/packages/0e/78/aa6bf73a18de5357c01ef87eea92150931586b25196fa4df197a37bae11d/grpcio_tools-1.75.1-cp314-cp314-macosx_11_0_universal2.whl", hash = "sha256:becf8332f391abc62bf4eea488b63be063d76a7cf2ef00b2e36c617d9ee9216b", size = 5838010, upload-time = "2025-09-26T09:09:20.415Z" },
    { url = "https://files.pythonhosted.org/packages/99/65/7eaad673bc971af45e079d3b13c20d9ba9842b8788d31953e3234c2e2cee/grpcio_tools-1.75.1-cp314-cp314-manylinux2014_aarch64.manylinux_2_17_aarch64.whl", hash = "sha256:a08330f24e5cd7b39541882a95a8ba04ffb4df79e2984aa0cd01ed26dcdccf49", size = 2593170, upload-time = "2025-09-26T09:09:22.889Z" },
    { url = "https://files.pythonhosted.org/packages/e4/db/57e1e29e9186c7ed223ce8a9b609d3f861c4db015efb643dfe60b403c137/grpcio_tools-1.75.1-cp314-cp314-manylinux2014_i686.manylinux_2_17_i686.whl", hash = "sha256:6bf3742bd8f102630072ed317d1496f31c454cd85ad19d37a68bd85bf9d5f8b9", size = 2905167, upload-time = "2025-09-26T09:09:25.96Z" },
    { url = "https://files.pythonhosted.org/packages/cd/7b/894f891f3cf19812192f8bbf1e0e1c958055676ecf0a5466a350730a006d/grpcio_tools-1.75.1-cp314-cp314-manylinux2014_x86_64.manylinux_2_17_x86_64.whl", hash = "sha256:f26028949474feb380460ce52d9d090d00023940c65236294a66c42ac5850e8b", size = 2656210, upload-time = "2025-09-26T09:09:28.786Z" },
    { url = "https://files.pythonhosted.org/packages/99/76/8e48427da93ef243c09629969c7b5a2c59dceb674b6b623c1f5fbaa5c8c5/grpcio_tools-1.75.1-cp314-cp314-musllinux_1_2_aarch64.whl", hash = "sha256:1bd68fb98bf08f11b6c3210834a14eefe585bad959bdba38e78b4ae3b04ba5bd", size = 3109226, upload-time = "2025-09-26T09:09:31.307Z" },
    { url = "https://files.pythonhosted.org/packages/b3/7e/ecf71c316c2a88c2478b7c6372d0f82d05f07edbf0f31b6da613df99ec7c/grpcio_tools-1.75.1-cp314-cp314-musllinux_1_2_i686.whl", hash = "sha256:f1496e21586193da62c3a73cd16f9c63c5b3efd68ff06dab96dbdfefa90d40bf", size = 3657139, upload-time = "2025-09-26T09:09:35.043Z" },
    { url = "https://files.pythonhosted.org/packages/6f/f3/b2613e81da2085f40a989c0601ec9efc11e8b32fcb71b1234b64a18af830/grpcio_tools-1.75.1-cp314-cp314-musllinux_1_2_x86_64.whl", hash = "sha256:14a78b1e36310cdb3516cdf9ee2726107875e0b247e2439d62fc8dc38cf793c1", size = 3324513, upload-time = "2025-09-26T09:09:37.44Z" },
    { url = "https://files.pythonhosted.org/packages/9a/1f/2df4fa8634542524bc22442ffe045d41905dae62cc5dd14408b80c5ac1b8/grpcio_tools-1.75.1-cp314-cp314-win32.whl", hash = "sha256:0e6f916daf222002fb98f9a6f22de0751959e7e76a24941985cc8e43cea77b50", size = 1015283, upload-time = "2025-09-26T09:09:39.461Z" },
    { url = "https://files.pythonhosted.org/packages/23/4f/f27c973ff50486a70be53a3978b6b0244398ca170a4e19d91988b5295d92/grpcio_tools-1.75.1-cp314-cp314-win_amd64.whl", hash = "sha256:878c3b362264588c45eba57ce088755f8b2b54893d41cc4a68cdeea62996da5c", size = 1189364, upload-time = "2025-09-26T09:09:42.036Z" },
]

[[package]]
name = "protobuf"
version = "6.32.1"
source = { registry = "https://pypi.org/simple" }
sdist = { url = "https://files.pythonhosted.org/packages/fa/a4/cc17347aa2897568beece2e674674359f911d6fe21b0b8d6268cd42727ac/protobuf-6.32.1.tar.gz", hash = "sha256:ee2469e4a021474ab9baafea6cd070e5bf27c7d29433504ddea1a4ee5850f68d", size = 440635, upload-time = "2025-09-11T21:38:42.935Z" }
wheels = [
    { url = "https://files.pythonhosted.org/packages/c0/98/645183ea03ab3995d29086b8bf4f7562ebd3d10c9a4b14ee3f20d47cfe50/protobuf-6.32.1-cp310-abi3-win32.whl", hash = "sha256:a8a32a84bc9f2aad712041b8b366190f71dde248926da517bde9e832e4412085", size = 424411, upload-time = "2025-09-11T21:38:27.427Z" },
    { url = "https://files.pythonhosted.org/packages/8c/f3/6f58f841f6ebafe076cebeae33fc336e900619d34b1c93e4b5c97a81fdfa/protobuf-6.32.1-cp310-abi3-win_amd64.whl", hash = "sha256:b00a7d8c25fa471f16bc8153d0e53d6c9e827f0953f3c09aaa4331c718cae5e1", size = 435738, upload-time = "2025-09-11T21:38:30.959Z" },
    { url = "https://files.pythonhosted.org/packages/10/56/a8a3f4e7190837139e68c7002ec749190a163af3e330f65d90309145a210/protobuf-6.32.1-cp39-abi3-macosx_10_9_universal2.whl", hash = "sha256:d8c7e6eb619ffdf105ee4ab76af5a68b60a9d0f66da3ea12d1640e6d8dab7281", size = 426454, upload-time = "2025-09-11T21:38:34.076Z" },
    { url = "https://files.pythonhosted.org/packages/3f/be/8dd0a927c559b37d7a6c8ab79034fd167dcc1f851595f2e641ad62be8643/protobuf-6.32.1-cp39-abi3-manylinux2014_aarch64.whl", hash = "sha256:2f5b80a49e1eb7b86d85fcd23fe92df154b9730a725c3b38c4e43b9d77018bf4", size = 322874, upload-time = "2025-09-11T21:38:35.509Z" },
    { url = "https://files.pythonhosted.org/packages/5c/f6/88d77011b605ef979aace37b7703e4eefad066f7e84d935e5a696515c2dd/protobuf-6.32.1-cp39-abi3-manylinux2014_x86_64.whl", hash = "sha256:b1864818300c297265c83a4982fd3169f97122c299f56a56e2445c3698d34710", size = 322013, upload-time = "2025-09-11T21:38:37.017Z" },
    { url = "https://files.pythonhosted.org/packages/97/b7/15cc7d93443d6c6a84626ae3258a91f4c6ac8c0edd5df35ea7658f71b79c/protobuf-6.32.1-py3-none-any.whl", hash = "sha256:2601b779fc7d32a866c6b4404f9d42a3f67c5b9f3f15b4db3cccabe06b95c346", size = 169289, upload-time = "2025-09-11T21:38:41.234Z" },
]

[[package]]
name = "psycopg2-binary"
version = "2.9.10"
source = { registry = "https://pypi.org/simple" }
sdist = { url = "https://files.pythonhosted.org/packages/cb/0e/bdc8274dc0585090b4e3432267d7be4dfbfd8971c0fa59167c711105a6bf/psycopg2-binary-2.9.10.tar.gz", hash = "sha256:4b3df0e6990aa98acda57d983942eff13d824135fe2250e6522edaa782a06de2", size = 385764, upload-time = "2024-10-16T11:24:58.126Z" }
wheels = [
    { url = "https://files.pythonhosted.org/packages/3e/30/d41d3ba765609c0763505d565c4d12d8f3c79793f0d0f044ff5a28bf395b/psycopg2_binary-2.9.10-cp313-cp313-macosx_12_0_x86_64.whl", hash = "sha256:26540d4a9a4e2b096f1ff9cce51253d0504dca5a85872c7f7be23be5a53eb18d", size = 3044699, upload-time = "2024-10-16T11:21:42.841Z" },
    { url = "https://files.pythonhosted.org/packages/35/44/257ddadec7ef04536ba71af6bc6a75ec05c5343004a7ec93006bee66c0bc/psycopg2_binary-2.9.10-cp313-cp313-macosx_14_0_arm64.whl", hash = "sha256:e217ce4d37667df0bc1c397fdcd8de5e81018ef305aed9415c3b093faaeb10fb", size = 3275245, upload-time = "2024-10-16T11:21:51.989Z" },
    { url = "https://files.pythonhosted.org/packages/1b/11/48ea1cd11de67f9efd7262085588790a95d9dfcd9b8a687d46caf7305c1a/psycopg2_binary-2.9.10-cp313-cp313-manylinux_2_17_aarch64.manylinux2014_aarch64.whl", hash = "sha256:245159e7ab20a71d989da00f280ca57da7641fa2cdcf71749c193cea540a74f7", size = 2851631, upload-time = "2024-10-16T11:21:57.584Z" },
    { url = "https://files.pythonhosted.org/packages/62/e0/62ce5ee650e6c86719d621a761fe4bc846ab9eff8c1f12b1ed5741bf1c9b/psycopg2_binary-2.9.10-cp313-cp313-manylinux_2_17_i686.manylinux2014_i686.whl", hash = "sha256:3c4ded1a24b20021ebe677b7b08ad10bf09aac197d6943bfe6fec70ac4e4690d", size = 3082140, upload-time = "2024-10-16T11:22:02.005Z" },
    { url = "https://files.pythonhosted.org/packages/27/ce/63f946c098611f7be234c0dd7cb1ad68b0b5744d34f68062bb3c5aa510c8/psycopg2_binary-2.9.10-cp313-cp313-manylinux_2_17_ppc64le.manylinux2014_ppc64le.whl", hash = "sha256:3abb691ff9e57d4a93355f60d4f4c1dd2d68326c968e7db17ea96df3c023ef73", size = 3264762, upload-time = "2024-10-16T11:22:06.412Z" },
    { url = "https://files.pythonhosted.org/packages/43/25/c603cd81402e69edf7daa59b1602bd41eb9859e2824b8c0855d748366ac9/psycopg2_binary-2.9.10-cp313-cp313-manylinux_2_17_x86_64.manylinux2014_x86_64.whl", hash = "sha256:8608c078134f0b3cbd9f89b34bd60a943b23fd33cc5f065e8d5f840061bd0673", size = 3020967, upload-time = "2024-10-16T11:22:11.583Z" },
    { url = "https://files.pythonhosted.org/packages/5f/d6/8708d8c6fca531057fa170cdde8df870e8b6a9b136e82b361c65e42b841e/psycopg2_binary-2.9.10-cp313-cp313-musllinux_1_2_aarch64.whl", hash = "sha256:230eeae2d71594103cd5b93fd29d1ace6420d0b86f4778739cb1a5a32f607d1f", size = 2872326, upload-time = "2024-10-16T11:22:16.406Z" },
    { url = "https://files.pythonhosted.org/packages/ce/ac/5b1ea50fc08a9df82de7e1771537557f07c2632231bbab652c7e22597908/psycopg2_binary-2.9.10-cp313-cp313-musllinux_1_2_i686.whl", hash = "sha256:bb89f0a835bcfc1d42ccd5f41f04870c1b936d8507c6df12b7737febc40f0909", size = 2822712, upload-time = "2024-10-16T11:22:21.366Z" },
    { url = "https://files.pythonhosted.org/packages/c4/fc/504d4503b2abc4570fac3ca56eb8fed5e437bf9c9ef13f36b6621db8ef00/psycopg2_binary-2.9.10-cp313-cp313-musllinux_1_2_ppc64le.whl", hash = "sha256:f0c2d907a1e102526dd2986df638343388b94c33860ff3bbe1384130828714b1", size = 2920155, upload-time = "2024-10-16T11:22:25.684Z" },
    { url = "https://files.pythonhosted.org/packages/b2/d1/323581e9273ad2c0dbd1902f3fb50c441da86e894b6e25a73c3fda32c57e/psycopg2_binary-2.9.10-cp313-cp313-musllinux_1_2_x86_64.whl", hash = "sha256:f8157bed2f51db683f31306aa497311b560f2265998122abe1dce6428bd86567", size = 2959356, upload-time = "2024-10-16T11:22:30.562Z" },
    { url = "https://files.pythonhosted.org/packages/08/50/d13ea0a054189ae1bc21af1d85b6f8bb9bbc5572991055d70ad9006fe2d6/psycopg2_binary-2.9.10-cp313-cp313-win_amd64.whl", hash = "sha256:27422aa5f11fbcd9b18da48373eb67081243662f9b46e6fd07c3eb46e4535142", size = 2569224, upload-time = "2025-01-04T20:09:19.234Z" },
]

[[package]]
name = "setuptools"
version = "80.9.0"
source = { registry = "https://pypi.org/simple" }
sdist = { url = "https://files.pythonhosted.org/packages/18/5d/3bf57dcd21979b887f014ea83c24ae194cfcd12b9e0fda66b957c69d1fca/setuptools-80.9.0.tar.gz", hash = "sha256:f36b47402ecde768dbfafc46e8e4207b4360c654f1f3bb84475f0a28628fb19c", size = 1319958, upload-time = "2025-05-27T00:56:51.443Z" }
wheels = [
    { url = "https://files.pythonhosted.org/packages/a3/dc/17031897dae0efacfea57dfd3a82fdd2a2aeb58e0ff71b77b87e44edc772/setuptools-80.9.0-py3-none-any.whl", hash = "sha256:062d34222ad13e0cc312a4c02d73f059e86a4acbfbdea8f8f76b28c99f306922", size = 1201486, upload-time = "2025-05-27T00:56:49.664Z" },
]

[[package]]
name = "sqlalchemy"
version = "2.0.43"
source = { registry = "https://pypi.org/simple" }
dependencies = [
    { name = "greenlet", marker = "(python_full_version < '3.14' and platform_machine == 'AMD64') or (python_full_version < '3.14' and platform_machine == 'WIN32') or (python_full_version < '3.14' and platform_machine == 'aarch64') or (python_full_version < '3.14' and platform_machine == 'amd64') or (python_full_version < '3.14' and platform_machine == 'ppc64le') or (python_full_version < '3.14' and platform_machine == 'win32') or (python_full_version < '3.14' and platform_machine == 'x86_64')" },
    { name = "typing-extensions" },
]
sdist = { url = "https://files.pythonhosted.org/packages/d7/bc/d59b5d97d27229b0e009bd9098cd81af71c2fa5549c580a0a67b9bed0496/sqlalchemy-2.0.43.tar.gz", hash = "sha256:788bfcef6787a7764169cfe9859fe425bf44559619e1d9f56f5bddf2ebf6f417", size = 9762949, upload-time = "2025-08-11T14:24:58.438Z" }
wheels = [
    { url = "https://files.pythonhosted.org/packages/41/1c/a7260bd47a6fae7e03768bf66451437b36451143f36b285522b865987ced/sqlalchemy-2.0.43-cp313-cp313-macosx_10_13_x86_64.whl", hash = "sha256:e7c08f57f75a2bb62d7ee80a89686a5e5669f199235c6d1dac75cd59374091c3", size = 2130598, upload-time = "2025-08-11T15:51:15.903Z" },
    { url = "https://files.pythonhosted.org/packages/8e/84/8a337454e82388283830b3586ad7847aa9c76fdd4f1df09cdd1f94591873/sqlalchemy-2.0.43-cp313-cp313-macosx_11_0_arm64.whl", hash = "sha256:14111d22c29efad445cd5021a70a8b42f7d9152d8ba7f73304c4d82460946aaa", size = 2118415, upload-time = "2025-08-11T15:51:17.256Z" },
    { url = "https://files.pythonhosted.org/packages/cf/ff/22ab2328148492c4d71899d62a0e65370ea66c877aea017a244a35733685/sqlalchemy-2.0.43-cp313-cp313-manylinux_2_17_aarch64.manylinux2014_aarch64.whl", hash = "sha256:21b27b56eb2f82653168cefe6cb8e970cdaf4f3a6cb2c5e3c3c1cf3158968ff9", size = 3248707, upload-time = "2025-08-11T15:52:38.444Z" },
    { url = "https://files.pythonhosted.org/packages/dc/29/11ae2c2b981de60187f7cbc84277d9d21f101093d1b2e945c63774477aba/sqlalchemy-2.0.43-cp313-cp313-manylinux_2_17_x86_64.manylinux2014_x86_64.whl", hash = "sha256:9c5a9da957c56e43d72126a3f5845603da00e0293720b03bde0aacffcf2dc04f", size = 3253602, upload-time = "2025-08-11T15:56:37.348Z" },
    { url = "https://files.pythonhosted.org/packages/b8/61/987b6c23b12c56d2be451bc70900f67dd7d989d52b1ee64f239cf19aec69/sqlalchemy-2.0.43-cp313-cp313-musllinux_1_2_aarch64.whl", hash = "sha256:5d79f9fdc9584ec83d1b3c75e9f4595c49017f5594fee1a2217117647225d738", size = 3183248, upload-time = "2025-08-11T15:52:39.865Z" },
    { url = "https://files.pythonhosted.org/packages/86/85/29d216002d4593c2ce1c0ec2cec46dda77bfbcd221e24caa6e85eff53d89/sqlalchemy-2.0.43-cp313-cp313-musllinux_1_2_x86_64.whl", hash = "sha256:9df7126fd9db49e3a5a3999442cc67e9ee8971f3cb9644250107d7296cb2a164", size = 3219363, upload-time = "2025-08-11T15:56:39.11Z" },
    { url = "https://files.pythonhosted.org/packages/b6/e4/bd78b01919c524f190b4905d47e7630bf4130b9f48fd971ae1c6225b6f6a/sqlalchemy-2.0.43-cp313-cp313-win32.whl", hash = "sha256:7f1ac7828857fcedb0361b48b9ac4821469f7694089d15550bbcf9ab22564a1d", size = 2096718, upload-time = "2025-08-11T15:55:05.349Z" },
    { url = "https://files.pythonhosted.org/packages/ac/a5/ca2f07a2a201f9497de1928f787926613db6307992fe5cda97624eb07c2f/sqlalchemy-2.0.43-cp313-cp313-win_amd64.whl", hash = "sha256:971ba928fcde01869361f504fcff3b7143b47d30de188b11c6357c0505824197", size = 2123200, upload-time = "2025-08-11T15:55:07.932Z" },
    { url = "https://files.pythonhosted.org/packages/b8/d9/13bdde6521f322861fab67473cec4b1cc8999f3871953531cf61945fad92/sqlalchemy-2.0.43-py3-none-any.whl", hash = "sha256:1681c21dd2ccee222c2fe0bef671d1aef7c504087c9c4e800371cfcc8ac966fc", size = 1924759, upload-time = "2025-08-11T15:39:53.024Z" },
]

[[package]]
name = "the-monkeys-reports"
version = "0.1.0"
source = { virtual = "." }
dependencies = [
    { name = "grpcio-tools" },
    { name = "psycopg2-binary" },
    { name = "sqlalchemy" },
]

[package.metadata]
requires-dist = [
    { name = "grpcio-tools", specifier = ">=1.75.1" },
    { name = "psycopg2-binary", specifier = ">=2.9.10" },
    { name = "sqlalchemy", specifier = ">=2.0.43" },
]

[[package]]
name = "typing-extensions"
version = "4.15.0"
source = { registry = "https://pypi.org/simple" }
sdist = { url = "https://files.pythonhosted.org/packages/72/94/1a15dd82efb362ac84269196e94cf00f187f7ed21c242792a923cdb1c61f/typing_extensions-4.15.0.tar.gz", hash = "sha256:0cea48d173cc12fa28ecabc3b837ea3cf6f38c6d1136f85cbaaf598984861466", size = 109391, upload-time = "2025-08-25T13:49:26.313Z" }
wheels = [
    { url = "https://files.pythonhosted.org/packages/18/67/36e9267722cc04a6b9f15c7f3441c2363321a3ea07da7ae0c0707beb2a9c/typing_extensions-4.15.0-py3-none-any.whl", hash = "sha256:f0fa19c6845758ab08074a0cfa8b7aecb71c999ca73d62883bc25cc018c4e548", size = 44614, upload-time = "2025-08-25T13:49:24.86Z" },
]
